# THIS IS AN AUTOGENERATED FILE. DO NOT EDIT THIS FILE DIRECTLY.
# yarn lockfile v1


"@babel/runtime@^7.3.1":
  version "7.6.2"
  resolved "https://registry.yarnpkg.com/@babel/runtime/-/runtime-7.6.2.tgz#c3d6e41b304ef10dcf13777a33e7694ec4a9a6dd"
  integrity sha512-EXxN64agfUqqIGeEjI5dL5z0Sw0ZwWo1mLTi4mQowCZ42O59b7DRpZAnTC6OqdF28wMBMFKNb/4uFGrVaigSpg==
  dependencies:
    regenerator-runtime "^0.13.2"

"@editorjs/checklist@^1.1.0":
  version "1.1.0"
  resolved "https://registry.yarnpkg.com/@editorjs/checklist/-/checklist-1.1.0.tgz#1c5a083a48852f3d86d6086d2e1a6057ac5b0429"
  integrity sha512-rE0weE4iHoN6NM9GpP0XMiighGGrSyAkWWtmkRmn/2vLot3mXrh15KGaRJIP17HOW62yrOy4zJdzLEL+JyNdOg==

"@editorjs/editorjs@^2.15.1":
  version "2.15.1"
  resolved "https://registry.yarnpkg.com/@editorjs/editorjs/-/editorjs-2.15.1.tgz#7e55640a46ca25f6992ad571a5c3302eb3f9b9e6"
  integrity sha512-0uhf2VAC5a8YblCPvk96a6RHZU26uAGetp8XhQn1aWysZ8PTUk7ti+BnDLpTy6o00J7gLN6lRgMxNNhcSbf16A==
  dependencies:
    codex-notifier "^1.1.2"

"@editorjs/embed@^2.2.1":
  version "2.2.1"
  resolved "https://registry.yarnpkg.com/@editorjs/embed/-/embed-2.2.1.tgz#90dbcac6e163d20c665fcc1a218d4ba1db80e2f1"
  integrity sha512-jjhgJf+LkYr8UfsQPavfukCq0+SIkz1MD8vmWkN29uU2zItWsScmfRis3YoLZJ7Rrz+yDeS8GyUjxTg2iQa0Vg==

"@editorjs/header@^2.3.0":
  version "2.3.0"
  resolved "https://registry.yarnpkg.com/@editorjs/header/-/header-2.3.0.tgz#ce48414e3d8b39b1ed5633d35e3684b158fb9e98"
  integrity sha512-H3ILtnw3nVYrjj7CkgGAh1UovmRx/AAAzypLbzW7ElUVAbyL4Tx/iIE/SAp4sNbARXmVGin0mgzYqlRQr3hg5w==

"@editorjs/image@^2.3.2":
  version "2.3.2"
  resolved "https://registry.yarnpkg.com/@editorjs/image/-/image-2.3.2.tgz#1523730b016999716552ce6e6abe401ed3b621ce"
  integrity sha512-mT22tb4SfEvZ9+P0rIdY+uImY/xg9Qc4FMsY7p8rMUfB7DetPEvgpOM4+qknmDIY+Qo6BDwPov9cdxGa2YDEcg==

"@editorjs/link@^2.1.3":
  version "2.1.3"
  resolved "https://registry.yarnpkg.com/@editorjs/link/-/link-2.1.3.tgz#fd14f0a519aab75e234bba5f6e729ba5f0b94422"
  integrity sha512-nLRnuco61scMPyvczhOVjCd2axk6PWPClpBYEtrtOxP4Cp6tHNRuwvVfSwSGewHBb4A4SJL/NMCShRdfbOm6DQ==
  dependencies:
    "@babel/runtime" "^7.3.1"

"@editorjs/list@^1.4.0":
  version "1.4.0"
  resolved "https://registry.yarnpkg.com/@editorjs/list/-/list-1.4.0.tgz#e92459a8ac2305bc4385245e329c8b5c8437456a"
  integrity sha512-iYDXGbVXvsAJbSxbjFMP4p7kS1zhQyNDqVNzkfMRhItulzKYlOMlFjTIGHqu5SxPy6NrcckhVFaWdfGDn5/gEA==

"@editorjs/marker@^1.2.1":
  version "1.2.1"
  resolved "https://registry.yarnpkg.com/@editorjs/marker/-/marker-1.2.1.tgz#c0d8ebcc7a421e659b5d01c1e59c8aec911c7818"
  integrity sha512-rfrQru68xFs/7/cwWnzZaAy+IlHafFfYOU8zo+uoAHaex3zNo6oIvDRAfuz8/cYoMWQOkEErmUjkxswKpnG4iQ==

"@editorjs/paragraph@^2.6.0":
  version "2.6.0"
  resolved "https://registry.yarnpkg.com/@editorjs/paragraph/-/paragraph-2.6.0.tgz#49ec5ee2eabe84c57f876eac989df99126df616a"
  integrity sha512-aOLTX7JXVMNCMYEsEwuUtX0864eGRRMzOJ7h1ZaNdjriSHjz0/2cl9VPQBQtIsOkkSvybGGlbHBtGWbflzZ4aQ==

"@editorjs/raw@^2.1.1":
  version "2.1.1"
  resolved "https://registry.yarnpkg.com/@editorjs/raw/-/raw-2.1.1.tgz#00cea181d8ce1a2a082352c6644090660c8237c7"
  integrity sha512-So+Y6fLIO7+JGRa/tOsHho58hASYt1m7lDM/+0fehs+LMdYlloLmj68X2q7Wxk60R8aCrUscXt/fOggcg7giPQ==

"@editorjs/simple-image@^1.3.3":
  version "1.3.3"
  resolved "https://registry.yarnpkg.com/@editorjs/simple-image/-/simple-image-1.3.3.tgz#174ac97ba1a1bea54efe20dc0aedeca3480bee42"
  integrity sha512-a+MrzhDZ6kiMKPPlRtrTqgVTeZH1U/2OuRUzUc2zgMKDqQHiJTusWD8Dfv283DoFbXDHZBlo1ZlZ2B/4sSf2cw==

codex-notifier@^1.1.2:
  version "1.1.2"
  resolved "https://registry.yarnpkg.com/codex-notifier/-/codex-notifier-1.1.2.tgz#a733079185f4c927fa296f1d71eb8753fe080895"
  integrity sha512-DCp6xe/LGueJ1N5sXEwcBc3r3PyVkEEDNWCVigfvywAkeXcZMk9K41a31tkEFBW0Ptlwji6/JlAb49E3Yrxbtg==

jquery@^3.4.1:
  version "3.4.1"
  resolved "https://registry.yarnpkg.com/jquery/-/jquery-3.4.1.tgz#714f1f8d9dde4bdfa55764ba37ef214630d80ef2"
  integrity sha512-36+AdBzCL+y6qjw5Tx7HgzeGCzC81MDDgaUP8ld2zhx58HdqXGoBd+tHdrBMiyjGQs0Hxs/MLZTu/eHNJJuWPw==

regenerator-runtime@^0.13.2:
  version "0.13.3"
  resolved "https://registry.yarnpkg.com/regenerator-runtime/-/regenerator-runtime-0.13.3.tgz#7cf6a77d8f5c6f60eb73c5fc1955b2ceb01e6bf5"
  integrity sha512-naKIZz2GQ8JWh///G7L3X6LaQUAMp2lvb1rvwwsURe/VXwD6VMfr+/1NuNw3ag8v2kY1aQ/go5SNn79O9JU7yw==
